
Microsoft Visual Studio Solution File, Format Version 12.00
# Visual Studio Version 17
VisualStudioVersion = 17.12.35527.113 d17.12
MinimumVisualStudioVersion = 10.0.40219.1
Project("{FAE04EC0-301F-11D3-BF4B-00C04F79EFBC}") = "1b", "1b\1b.csproj", "{0076E3BC-F520-4874-9F0F-9397809E5DAD}"
EndProject
Global
	GlobalSection(SolutionConfigurationPlatforms) = preSolution
		Debug|Any CPU = Debug|Any CPU
		Release|Any CPU = Release|Any CPU
	EndGlobalSection
	GlobalSection(ProjectConfigurationPlatforms) = postSolution
		{0076E3BC-F520-4874-9F0F-9397809E5DAD}.Debug|Any CPU.ActiveCfg = Debug|Any CPU
		{0076E3BC-F520-4874-9F0F-9397809E5DAD}.Debug|Any CPU.Build.0 = Debug|Any CPU
		{0076E3BC-F520-4874-9F0F-9397809E5DAD}.Release|Any CPU.ActiveCfg = Release|Any CPU
		{0076E3BC-F520-4874-9F0F-9397809E5DAD}.Release|Any CPU.Build.0 = Release|Any CPU
	EndGlobalSection
	GlobalSection(SolutionProperties) = preSolution
		HideSolutionNode = FALSE
	EndGlobalSection
EndGlobal
