
Microsoft Visual Studio Solution File, Format Version 12.00
# Visual Studio Version 17
VisualStudioVersion = 17.12.35527.113 d17.12
MinimumVisualStudioVersion = 10.0.40219.1
Project("{FAE04EC0-301F-11D3-BF4B-00C04F79EFBC}") = "1a", "1a\1a.csproj", "{02A8E7ED-9175-4FA7-A128-36DB2B0FBF8B}"
EndProject
Global
	GlobalSection(SolutionConfigurationPlatforms) = preSolution
		Debug|Any CPU = Debug|Any CPU
		Release|Any CPU = Release|Any CPU
	EndGlobalSection
	GlobalSection(ProjectConfigurationPlatforms) = postSolution
		{02A8E7ED-9175-4FA7-A128-36DB2B0FBF8B}.Debug|Any CPU.ActiveCfg = Debug|Any CPU
		{02A8E7ED-9175-4FA7-A128-36DB2B0FBF8B}.Debug|Any CPU.Build.0 = Debug|Any CPU
		{02A8E7ED-9175-4FA7-A128-36DB2B0FBF8B}.Release|Any CPU.ActiveCfg = Release|Any CPU
		{02A8E7ED-9175-4FA7-A128-36DB2B0FBF8B}.Release|Any CPU.Build.0 = Release|Any CPU
	EndGlobalSection
	GlobalSection(SolutionProperties) = preSolution
		HideSolutionNode = FALSE
	EndGlobalSection
EndGlobal
